// !$*UTF8*$!
{
	archiveVersion = 1;
	classes = {
	};
	objectVersion = 48;
	objects = {

/* Begin PBXBuildFile section */
		6CD23A9D1F9C600C006E6141 /* AppDelegate.swift in Sources */ = {isa = PBXBuildFile; fileRef = 6CD23A9C1F9C600C006E6141 /* AppDelegate.swift */; };
		6CD23A9F1F9C600C006E6141 /* ViewController.swift in Sources */ = {isa = PBXBuildFile; fileRef = 6CD23A9E1F9C600C006E6141 /* ViewController.swift */; };
		6CD23AA21F9C600C006E6141 /* Main.storyboard in Resources */ = {isa = PBXBuildFile; fileRef = 6CD23AA01F9C600C006E6141 /* Main.storyboard */; };
		6CD23AA41F9C600C006E6141 /* Assets.xcassets in Resources */ = {isa = PBXBuildFile; fileRef = 6CD23AA31F9C600C006E6141 /* Assets.xcassets */; };
		6CD23AA71F9C600C006E6141 /* LaunchScreen.storyboard in Resources */ = {isa = PBXBuildFile; fileRef = 6CD23AA51F9C600C006E6141 /* LaunchScreen.storyboard */; };
/* End PBXBuildFile section */

/* Begin PBXFileReference section */
		6CD23A991F9C600C006E6141 /* OnboardingViaCode.app */ = {isa = PBXFileReference; explicitFileType = wrapper.application; includeInIndex = 0; path = OnboardingViaCode.app; sourceTree = BUILT_PRODUCTS_DIR; };
		6CD23A9C1F9C600C006E6141 /* AppDelegate.swift */ = {isa = PBXFileReference; lastKnownFileType = sourcecode.swift; path = AppDelegate.swift; sourceTree = "<group>"; };
		6CD23A9E1F9C600C006E6141 /* ViewController.swift */ = {isa = PBXFileReference; lastKnownFileType = sourcecode.swift; path = ViewController.swift; sourceTree = "<group>"; };
		6CD23AA11F9C600C006E6141 /* Base */ = {isa = PBXFileReference; lastKnownFileType = file.storyboard; name = Base; path = Base.lproj/Main.storyboard; sourceTree = "<group>"; };
		6CD23AA31F9C600C006E6141 /* Assets.xcassets */ = {isa = PBXFileReference; lastKnownFileType = folder.assetcatalog; path = Assets.xcassets; sourceTree = "<group>"; };
		6CD23AA61F9C600C006E6141 /* Base */ = {isa = PBXFileReference; lastKnownFileType = file.storyboard; name = Base; path = Base.lproj/LaunchScreen.storyboard; sourceTree = "<group>"; };
		6CD23AA81F9C600C006E6141 /* Info.plist */ = {isa = PBXFileReference; lastKnownFileType = text.plist.xml; path = Info.plist; sourceTree = "<group>"; };
/* End PBXFileReference section */

/* Begin PBXFrameworksBuildPhase section */
		6CD23A961F9C600C006E6141 /* Frameworks */ = {
			isa = PBXFrameworksBuildPhase;
			buildActionMask = 2147483647;
			files = (
			);
			runOnlyForDeploymentPostprocessing = 0;
		};
/* End PBXFrameworksBuildPhase section */

/* Begin PBXGroup section */
		6CD23A901F9C600C006E6141 = {
			isa = PBXGroup;
			children = (
				6CD23A9B1F9C600C006E6141 /* OnboardingViaCode */,
				6CD23A9A1F9C600C006E6141 /* Products */,
			);
			sourceTree = "<group>";
		};
		6CD23A9A1F9C600C006E6141 /* Products */ = {
			isa = PBXGroup;
			children = (
				6CD23A991F9C600C006E6141 /* OnboardingViaCode.app */,
			);
			name = Products;
			sourceTree = "<group>";
		};
		6CD23A9B1F9C600C006E6141 /* OnboardingViaCode */ = {
			isa = PBXGroup;
			children = (
				6CD23A9C1F9C600C006E6141 /* AppDelegate.swift */,
				6CD23A9E1F9C600C006E6141 /* ViewController.swift */,
				6CD23AA01F9C600C006E6141 /* Main.storyboard */,
				6CD23AA31F9C600C006E6141 /* Assets.xcassets */,
				6CD23AA51F9C600C006E6141 /* LaunchScreen.storyboard */,
				6CD23AA81F9C600C006E6141 /* Info.plist */,
			);
			path = OnboardingViaCode;
			sourceTree = "<group>";
		};
/* End PBXGroup section */

/* Begin PBXNativeTarget section */
		6CD23A981F9C600C006E6141 /* OnboardingViaCode */ = {
			isa = PBXNativeTarget;
			buildConfigurationList = 6CD23AAB1F9C600C006E6141 /* Build configuration list for PBXNativeTarget "OnboardingViaCode" */;
			buildPhases = (
				6CD23A951F9C600C006E6141 /* Sources */,
				6CD23A961F9C600C006E6141 /* Frameworks */,
				6CD23A971F9C600C006E6141 /* Resources */,
			);
			buildRules = (
			);
			dependencies = (
			);
			name = OnboardingViaCode;
			productName = OnboardingViaCode;
			productReference = 6CD23A991F9C600C006E6141 /* OnboardingViaCode.app */;
			productType = "com.apple.product-type.application";
		};
/* End PBXNativeTarget section */

/* Begin PBXProject section */
		6CD23A911F9C600C006E6141 /* Project object */ = {
			isa = PBXProject;
			attributes = {
				LastSwiftUpdateCheck = 0900;
				LastUpgradeCheck = 0900;
				ORGANIZATIONNAME = Appdelight;
				TargetAttributes = {
					6CD23A981F9C600C006E6141 = {
						CreatedOnToolsVersion = 9.0.1;
						ProvisioningStyle = Automatic;
					};
				};
			};
			buildConfigurationList = 6CD23A941F9C600C006E6141 /* Build configuration list for PBXProject "OnboardingViaCode" */;
			compatibilityVersion = "Xcode 8.0";
			developmentRegion = en;
			hasScannedForEncodings = 0;
			knownRegions = (
				en,
				Base,
			);
			mainGroup = 6CD23A901F9C600C006E6141;
			productRefGroup = 6CD23A9A1F9C600C006E6141 /* Products */;
			projectDirPath = "";
			projectRoot = "";
			targets = (
				6CD23A981F9C600C006E6141 /* OnboardingViaCode */,
			);
		};
/* End PBXProject section */

/* Begin PBXResourcesBuildPhase section */
		6CD23A971F9C600C006E6141 /* Resources */ = {
			isa = PBXResourcesBuildPhase;
			buildActionMask = 2147483647;
			files = (
				6CD23AA71F9C600C006E6141 /* LaunchScreen.storyboard in Resources */,
				6CD23AA41F9C600C006E6141 /* Assets.xcassets in Resources */,
				6CD23AA21F9C600C006E6141 /* Main.storyboard in Resources */,
			);
			runOnlyForDeploymentPostprocessing = 0;
		};
/* End PBXResourcesBuildPhase section */

/* Begin PBXSourcesBuildPhase section */
		6CD23A951F9C600C006E6141 /* Sources */ = {
			isa = PBXSourcesBuildPhase;
			buildActionMask = 2147483647;
			files = (
				6CD23A9F1F9C600C006E6141 /* ViewController.swift in Sources */,
				6CD23A9D1F9C600C006E6141 /* AppDelegate.swift in Sources */,
			);
			runOnlyForDeploymentPostprocessing = 0;
		};
/* End PBXSourcesBuildPhase section */

/* Begin PBXVariantGroup section */
		6CD23AA01F9C600C006E6141 /* Main.storyboard */ = {
			isa = PBXVariantGroup;
			children = (
				6CD23AA11F9C600C006E6141 /* Base */,
			);
			name = Main.storyboard;
			sourceTree = "<group>";
		};
		6CD23AA51F9C600C006E6141 /* LaunchScreen.storyboard */ = {
			isa = PBXVariantGroup;
			children = (
				6CD23AA61F9C600C006E6141 /* Base */,
			);
			name = LaunchScreen.storyboard;
			sourceTree = "<group>";
		};
/* End PBXVariantGroup section */

/* Begin XCBuildConfiguration section */
		6CD23AA91F9C600C006E6141 /* Debug */ = {
			isa = XCBuildConfiguration;
			buildSettings = {
				ALWAYS_SEARCH_USER_PATHS = NO;
				CLANG_ANALYZER_NONNULL = YES;
				CLANG_ANALYZER_NUMBER_OBJECT_CONVERSION = YES_AGGRESSIVE;
				CLANG_CXX_LANGUAGE_STANDARD = "gnu++14";
				CLANG_CXX_LIBRARY = "libc++";
				CLANG_ENABLE_MODULES = YES;
				CLANG_ENABLE_OBJC_ARC = YES;
				CLANG_WARN_BLOCK_CAPTURE_AUTORELEASING = YES;
				CLANG_WARN_BOOL_CONVERSION = YES;
				CLANG_WARN_COMMA = YES;
				CLANG_WARN_CONSTANT_CONVERSION = YES;
				CLANG_WARN_DIRECT_OBJC_ISA_USAGE = YES_ERROR;
				CLANG_WARN_DOCUMENTATION_COMMENTS = YES;
				CLANG_WARN_EMPTY_BODY = YES;
				CLANG_WARN_ENUM_CONVERSION = YES;
				CLANG_WARN_INFINITE_RECURSION = YES;
				CLANG_WARN_INT_CONVERSION = YES;
				CLANG_WARN_NON_LITERAL_NULL_CONVERSION = YES;
				CLANG_WARN_OBJC_LITERAL_CONVERSION = YES;
				CLANG_WARN_OBJC_ROOT_CLASS = YES_ERROR;
				CLANG_WARN_RANGE_LOOP_ANALYSIS = YES;
				CLANG_WARN_STRICT_PROTOTYPES = YES;
				CLANG_WARN_SUSPICIOUS_MOVE = YES;
				CLANG_WARN_UNGUARDED_AVAILABILITY = YES_AGGRESSIVE;
				CLANG_WARN_UNREACHABLE_CODE = YES;
				CLANG_WARN__DUPLICATE_METHOD_MATCH = YES;
				CODE_SIGN_IDENTITY = "iPhone Developer";
				COPY_PHASE_STRIP = NO;
				DEBUG_INFORMATION_FORMAT = dwarf;
				ENABLE_STRICT_OBJC_MSGSEND = YES;
				ENABLE_TESTABILITY = YES;
				GCC_C_LANGUAGE_STANDARD = gnu11;
				GCC_DYNAMIC_NO_PIC = NO;
				GCC_NO_COMMON_BLOCKS = YES;
				GCC_OPTIMIZATION_LEVEL = 0;
				GCC_PREPROCESSOR_DEFINITIONS = (
					"DEBUG=1",
					"$(inherited)",
				);
				GCC_WARN_64_TO_32_BIT_CONVERSION = YES;
				GCC_WARN_ABOUT_RETURN_TYPE = YES_ERROR;
				GCC_WARN_UNDECLARED_SELECTOR = YES;
				GCC_WARN_UNINITIALIZED_AUTOS = YES_AGGRESSIVE;
				GCC_WARN_UNUSED_FUNCTION = YES;
				GCC_WARN_UNUSED_VARIABLE = YES;
				IPHONEOS_DEPLOYMENT_TARGET = 11.0;
				MTL_ENABLE_DEBUG_INFO = YES;
				ONLY_ACTIVE_ARCH = YES;
				SDKROOT = iphoneos;
				SWIFT_ACTIVE_COMPILATION_CONDITIONS = DEBUG;
				SWIFT_OPTIMIZATION_LEVEL = "-Onone";
			};
			name = Debug;
		};
		6CD23AAA1F9C600C006E6141 /* Release */ = {
			isa = XCBuildConfiguration;
			buildSettings = {
				ALWAYS_SEARCH_USER_PATHS = NO;
				CLANG_ANALYZER_NONNULL = YES;
				CLANG_ANALYZER_NUMBER_OBJECT_CONVERSION = YES_AGGRESSIVE;
				CLANG_CXX_LANGUAGE_STANDARD = "gnu++14";
				CLANG_CXX_LIBRARY = "libc++";
				CLANG_ENABLE_MODULES = YES;
				CLANG_ENABLE_OBJC_ARC = YES;
				CLANG_WARN_BLOCK_CAPTURE_AUTORELEASING = YES;
				CLANG_WARN_BOOL_CONVERSION = YES;
				CLANG_WARN_COMMA = YES;
				CLANG_WARN_CONSTANT_CONVERSION = YES;
				CLANG_WARN_DIRECT_OBJC_ISA_USAGE = YES_ERROR;
				CLANG_WARN_DOCUMENTATION_COMMENTS = YES;
				CLANG_WARN_EMPTY_BODY = YES;
				CLANG_WARN_ENUM_CONVERSION = YES;
				CLANG_WARN_INFINITE_RECURSION = YES;
				CLANG_WARN_INT_CONVERSION = YES;
				CLANG_WARN_NON_LITERAL_NULL_CONVERSION = YES;
				CLANG_WARN_OBJC_LITERAL_CONVERSION = YES;
				CLANG_WARN_OBJC_ROOT_CLASS = YES_ERROR;
				CLANG_WARN_RANGE_LOOP_ANALYSIS = YES;
				CLANG_WARN_STRICT_PROTOTYPES = YES;
				CLANG_WARN_SUSPICIOUS_MOVE = YES;
				CLANG_WARN_UNGUARDED_AVAILABILITY = YES_AGGRESSIVE;
				CLANG_WARN_UNREACHABLE_CODE = YES;
				CLANG_WARN__DUPLICATE_METHOD_MATCH = YES;
				CODE_SIGN_IDENTITY = "iPhone Developer";
				COPY_PHASE_STRIP = NO;
				DEBUG_INFORMATION_FORMAT = "dwarf-with-dsym";
				ENABLE_NS_ASSERTIONS = NO;
				ENABLE_STRICT_OBJC_MSGSEND = YES;
				GCC_C_LANGUAGE_STANDARD = gnu11;
				GCC_NO_COMMON_BLOCKS = YES;
				GCC_WARN_64_TO_32_BIT_CONVERSION = YES;
				GCC_WARN_ABOUT_RETURN_TYPE = YES_ERROR;
				GCC_WARN_UNDECLARED_SELECTOR = YES;
				GCC_WARN_UNINITIALIZED_AUTOS = YES_AGGRESSIVE;
				GCC_WARN_UNUSED_FUNCTION = YES;
				GCC_WARN_UNUSED_VARIABLE = YES;
				IPHONEOS_DEPLOYMENT_TARGET = 11.0;
				MTL_ENABLE_DEBUG_INFO = NO;
				SDKROOT = iphoneos;
				SWIFT_OPTIMIZATION_LEVEL = "-Owholemodule";
				VALIDATE_PRODUCT = YES;
			};
			name = Release;
		};
		6CD23AAC1F9C600C006E6141 /* Debug */ = {
			isa = XCBuildConfiguration;
			buildSettings = {
				ASSETCATALOG_COMPILER_APPICON_NAME = AppIcon;
				CODE_SIGN_STYLE = Automatic;
				DEVELOPMENT_TEAM = 58B9M9NL9X;
				INFOPLIST_FILE = OnboardingViaCode/Info.plist;
				LD_RUNPATH_SEARCH_PATHS = "$(inherited) @executable_path/Frameworks";
				PRODUCT_BUNDLE_IDENTIFIER = com.appdelight.OnboardingViaCode;
				PRODUCT_NAME = "$(TARGET_NAME)";
				SWIFT_VERSION = 4.0;
				TARGETED_DEVICE_FAMILY = "1,2";
			};
			name = Debug;
		};
		6CD23AAD1F9C600C006E6141 /* Release */ = {
			isa = XCBuildConfiguration;
			buildSettings = {
				ASSETCATALOG_COMPILER_APPICON_NAME = AppIcon;
				CODE_SIGN_STYLE = Automatic;
				DEVELOPMENT_TEAM = 58B9M9NL9X;
				INFOPLIST_FILE = OnboardingViaCode/Info.plist;
				LD_RUNPATH_SEARCH_PATHS = "$(inherited) @executable_path/Frameworks";
				PRODUCT_BUNDLE_IDENTIFIER = com.appdelight.OnboardingViaCode;
				PRODUCT_NAME = "$(TARGET_NAME)";
				SWIFT_VERSION = 4.0;
				TARGETED_DEVICE_FAMILY = "1,2";
			};
			name = Release;
		};
/* End XCBuildConfiguration section */

/* Begin XCConfigurationList section */
		6CD23A941F9C600C006E6141 /* Build configuration list for PBXProject "OnboardingViaCode" */ = {
			isa = XCConfigurationList;
			buildConfigurations = (
				6CD23AA91F9C600C006E6141 /* Debug */,
				6CD23AAA1F9C600C006E6141 /* Release */,
			);
			defaultConfigurationIsVisible = 0;
			defaultConfigurationName = Release;
		};
		6CD23AAB1F9C600C006E6141 /* Build configuration list for PBXNativeTarget "OnboardingViaCode" */ = {
			isa = XCConfigurationList;
			buildConfigurations = (
				6CD23AAC1F9C600C006E6141 /* Debug */,
				6CD23AAD1F9C600C006E6141 /* Release */,
			);
			defaultConfigurationIsVisible = 0;
			defaultConfigurationName = Release;
		};
/* End XCConfigurationList section */
	};
	rootObject = 6CD23A911F9C600C006E6141 /* Project object */;
}
